
Microsoft Visual Studio Solution File, Format Version 12.00
# Visual Studio 15
VisualStudioVersion = 15.0.28307.539
MinimumVisualStudioVersion = 10.0.40219.1
Project("{8BC9CEB8-8B4A-11D0-8D11-00A0C91BC942}") = "Задача 1", "Задача 1\Задача 1.vcxproj", "{0320926A-D7BB-452A-8395-8E1C22DCF96C}"
EndProject
Project("{8BC9CEB8-8B4A-11D0-8D11-00A0C91BC942}") = "Задача 2", "Задача 2\Задача 2.vcxproj", "{F7A5CAD8-8313-4E2D-9EFE-A20622BF8196}"
EndProject
Project("{8BC9CEB8-8B4A-11D0-8D11-00A0C91BC942}") = "Задача 3", "Задача 3\Задача 3.vcxproj", "{E43CA80A-1444-4671-8B00-4FD2A8390C20}"
EndProject
Project("{8BC9CEB8-8B4A-11D0-8D11-00A0C91BC942}") = "Задача 4", "Задача 4\Задача 4.vcxproj", "{525A476A-A7B2-47C6-81D1-EC491282B6D9}"
EndProject
Project("{8BC9CEB8-8B4A-11D0-8D11-00A0C91BC942}") = "Задача 5", "Задача 5\Задача 5.vcxproj", "{55C5EF1A-C18E-4CA0-90FE-EB137DEE2D87}"
EndProject
Project("{8BC9CEB8-8B4A-11D0-8D11-00A0C91BC942}") = "Задача 6", "Задача 6\Задача 6.vcxproj", "{2E99BFD6-D8E9-4E88-974B-370027E4B1D7}"
EndProject
Project("{8BC9CEB8-8B4A-11D0-8D11-00A0C91BC942}") = "Задача 7", "Задача 7\Задача 7.vcxproj", "{038264D5-7DD3-4336-ACBD-AA7450E5EC84}"
EndProject
Project("{8BC9CEB8-8B4A-11D0-8D11-00A0C91BC942}") = "Задача 4 (нормальная версия)", "Задача 2 (нормальная версия)\Задача 2 (нормальная версия).vcxproj", "{88283162-6B0C-44F2-B3BD-CE61DD0EB844}"
EndProject
Project("{8BC9CEB8-8B4A-11D0-8D11-00A0C91BC942}") = "Задача 5 (нормальная версия)", "Задача 5 (нормальная версия)\Задача 5 (нормальная версия).vcxproj", "{19240046-BE2A-43E1-8BDD-03E5E22F5F46}"
EndProject
Project("{8BC9CEB8-8B4A-11D0-8D11-00A0C91BC942}") = "Задача 8 (шифрование)", "Задача 8 (шифрование)\Задача 8 (шифрование).vcxproj", "{E693F50D-C406-44B6-95B4-A578A7E1E4AF}"
EndProject
Project("{8BC9CEB8-8B4A-11D0-8D11-00A0C91BC942}") = "Задача 9", "Задача 9\Задача 9.vcxproj", "{C12FA0EB-4914-46D7-A052-5DE8F87DFD67}"
EndProject
Project("{8BC9CEB8-8B4A-11D0-8D11-00A0C91BC942}") = "Задача 10", "Задача 10\Задача 10.vcxproj", "{3E84D363-A418-4B59-92D6-BB95A72DA0CF}"
EndProject
Global
	GlobalSection(SolutionConfigurationPlatforms) = preSolution
		Debug|x64 = Debug|x64
		Debug|x86 = Debug|x86
		Release|x64 = Release|x64
		Release|x86 = Release|x86
	EndGlobalSection
	GlobalSection(ProjectConfigurationPlatforms) = postSolution
		{0320926A-D7BB-452A-8395-8E1C22DCF96C}.Debug|x64.ActiveCfg = Debug|x64
		{0320926A-D7BB-452A-8395-8E1C22DCF96C}.Debug|x64.Build.0 = Debug|x64
		{0320926A-D7BB-452A-8395-8E1C22DCF96C}.Debug|x86.ActiveCfg = Debug|Win32
		{0320926A-D7BB-452A-8395-8E1C22DCF96C}.Debug|x86.Build.0 = Debug|Win32
		{0320926A-D7BB-452A-8395-8E1C22DCF96C}.Release|x64.ActiveCfg = Release|x64
		{0320926A-D7BB-452A-8395-8E1C22DCF96C}.Release|x64.Build.0 = Release|x64
		{0320926A-D7BB-452A-8395-8E1C22DCF96C}.Release|x86.ActiveCfg = Release|Win32
		{0320926A-D7BB-452A-8395-8E1C22DCF96C}.Release|x86.Build.0 = Release|Win32
		{F7A5CAD8-8313-4E2D-9EFE-A20622BF8196}.Debug|x64.ActiveCfg = Debug|x64
		{F7A5CAD8-8313-4E2D-9EFE-A20622BF8196}.Debug|x64.Build.0 = Debug|x64
		{F7A5CAD8-8313-4E2D-9EFE-A20622BF8196}.Debug|x86.ActiveCfg = Debug|Win32
		{F7A5CAD8-8313-4E2D-9EFE-A20622BF8196}.Debug|x86.Build.0 = Debug|Win32
		{F7A5CAD8-8313-4E2D-9EFE-A20622BF8196}.Release|x64.ActiveCfg = Release|x64
		{F7A5CAD8-8313-4E2D-9EFE-A20622BF8196}.Release|x64.Build.0 = Release|x64
		{F7A5CAD8-8313-4E2D-9EFE-A20622BF8196}.Release|x86.ActiveCfg = Release|Win32
		{F7A5CAD8-8313-4E2D-9EFE-A20622BF8196}.Release|x86.Build.0 = Release|Win32
		{E43CA80A-1444-4671-8B00-4FD2A8390C20}.Debug|x64.ActiveCfg = Debug|x64
		{E43CA80A-1444-4671-8B00-4FD2A8390C20}.Debug|x64.Build.0 = Debug|x64
		{E43CA80A-1444-4671-8B00-4FD2A8390C20}.Debug|x86.ActiveCfg = Debug|Win32
		{E43CA80A-1444-4671-8B00-4FD2A8390C20}.Debug|x86.Build.0 = Debug|Win32
		{E43CA80A-1444-4671-8B00-4FD2A8390C20}.Release|x64.ActiveCfg = Release|x64
		{E43CA80A-1444-4671-8B00-4FD2A8390C20}.Release|x64.Build.0 = Release|x64
		{E43CA80A-1444-4671-8B00-4FD2A8390C20}.Release|x86.ActiveCfg = Release|Win32
		{E43CA80A-1444-4671-8B00-4FD2A8390C20}.Release|x86.Build.0 = Release|Win32
		{525A476A-A7B2-47C6-81D1-EC491282B6D9}.Debug|x64.ActiveCfg = Debug|x64
		{525A476A-A7B2-47C6-81D1-EC491282B6D9}.Debug|x64.Build.0 = Debug|x64
		{525A476A-A7B2-47C6-81D1-EC491282B6D9}.Debug|x86.ActiveCfg = Debug|Win32
		{525A476A-A7B2-47C6-81D1-EC491282B6D9}.Debug|x86.Build.0 = Debug|Win32
		{525A476A-A7B2-47C6-81D1-EC491282B6D9}.Release|x64.ActiveCfg = Release|x64
		{525A476A-A7B2-47C6-81D1-EC491282B6D9}.Release|x64.Build.0 = Release|x64
		{525A476A-A7B2-47C6-81D1-EC491282B6D9}.Release|x86.ActiveCfg = Release|Win32
		{525A476A-A7B2-47C6-81D1-EC491282B6D9}.Release|x86.Build.0 = Release|Win32
		{55C5EF1A-C18E-4CA0-90FE-EB137DEE2D87}.Debug|x64.ActiveCfg = Debug|x64
		{55C5EF1A-C18E-4CA0-90FE-EB137DEE2D87}.Debug|x64.Build.0 = Debug|x64
		{55C5EF1A-C18E-4CA0-90FE-EB137DEE2D87}.Debug|x86.ActiveCfg = Debug|Win32
		{55C5EF1A-C18E-4CA0-90FE-EB137DEE2D87}.Debug|x86.Build.0 = Debug|Win32
		{55C5EF1A-C18E-4CA0-90FE-EB137DEE2D87}.Release|x64.ActiveCfg = Release|x64
		{55C5EF1A-C18E-4CA0-90FE-EB137DEE2D87}.Release|x64.Build.0 = Release|x64
		{55C5EF1A-C18E-4CA0-90FE-EB137DEE2D87}.Release|x86.ActiveCfg = Release|Win32
		{55C5EF1A-C18E-4CA0-90FE-EB137DEE2D87}.Release|x86.Build.0 = Release|Win32
		{2E99BFD6-D8E9-4E88-974B-370027E4B1D7}.Debug|x64.ActiveCfg = Debug|x64
		{2E99BFD6-D8E9-4E88-974B-370027E4B1D7}.Debug|x64.Build.0 = Debug|x64
		{2E99BFD6-D8E9-4E88-974B-370027E4B1D7}.Debug|x86.ActiveCfg = Debug|Win32
		{2E99BFD6-D8E9-4E88-974B-370027E4B1D7}.Debug|x86.Build.0 = Debug|Win32
		{2E99BFD6-D8E9-4E88-974B-370027E4B1D7}.Release|x64.ActiveCfg = Release|x64
		{2E99BFD6-D8E9-4E88-974B-370027E4B1D7}.Release|x64.Build.0 = Release|x64
		{2E99BFD6-D8E9-4E88-974B-370027E4B1D7}.Release|x86.ActiveCfg = Release|Win32
		{2E99BFD6-D8E9-4E88-974B-370027E4B1D7}.Release|x86.Build.0 = Release|Win32
		{038264D5-7DD3-4336-ACBD-AA7450E5EC84}.Debug|x64.ActiveCfg = Debug|x64
		{038264D5-7DD3-4336-ACBD-AA7450E5EC84}.Debug|x64.Build.0 = Debug|x64
		{038264D5-7DD3-4336-ACBD-AA7450E5EC84}.Debug|x86.ActiveCfg = Debug|Win32
		{038264D5-7DD3-4336-ACBD-AA7450E5EC84}.Debug|x86.Build.0 = Debug|Win32
		{038264D5-7DD3-4336-ACBD-AA7450E5EC84}.Release|x64.ActiveCfg = Release|x64
		{038264D5-7DD3-4336-ACBD-AA7450E5EC84}.Release|x64.Build.0 = Release|x64
		{038264D5-7DD3-4336-ACBD-AA7450E5EC84}.Release|x86.ActiveCfg = Release|Win32
		{038264D5-7DD3-4336-ACBD-AA7450E5EC84}.Release|x86.Build.0 = Release|Win32
		{88283162-6B0C-44F2-B3BD-CE61DD0EB844}.Debug|x64.ActiveCfg = Debug|x64
		{88283162-6B0C-44F2-B3BD-CE61DD0EB844}.Debug|x64.Build.0 = Debug|x64
		{88283162-6B0C-44F2-B3BD-CE61DD0EB844}.Debug|x86.ActiveCfg = Debug|Win32
		{88283162-6B0C-44F2-B3BD-CE61DD0EB844}.Debug|x86.Build.0 = Debug|Win32
		{88283162-6B0C-44F2-B3BD-CE61DD0EB844}.Release|x64.ActiveCfg = Release|x64
		{88283162-6B0C-44F2-B3BD-CE61DD0EB844}.Release|x64.Build.0 = Release|x64
		{88283162-6B0C-44F2-B3BD-CE61DD0EB844}.Release|x86.ActiveCfg = Release|Win32
		{88283162-6B0C-44F2-B3BD-CE61DD0EB844}.Release|x86.Build.0 = Release|Win32
		{19240046-BE2A-43E1-8BDD-03E5E22F5F46}.Debug|x64.ActiveCfg = Debug|x64
		{19240046-BE2A-43E1-8BDD-03E5E22F5F46}.Debug|x64.Build.0 = Debug|x64
		{19240046-BE2A-43E1-8BDD-03E5E22F5F46}.Debug|x86.ActiveCfg = Debug|Win32
		{19240046-BE2A-43E1-8BDD-03E5E22F5F46}.Debug|x86.Build.0 = Debug|Win32
		{19240046-BE2A-43E1-8BDD-03E5E22F5F46}.Release|x64.ActiveCfg = Release|x64
		{19240046-BE2A-43E1-8BDD-03E5E22F5F46}.Release|x64.Build.0 = Release|x64
		{19240046-BE2A-43E1-8BDD-03E5E22F5F46}.Release|x86.ActiveCfg = Release|Win32
		{19240046-BE2A-43E1-8BDD-03E5E22F5F46}.Release|x86.Build.0 = Release|Win32
		{E693F50D-C406-44B6-95B4-A578A7E1E4AF}.Debug|x64.ActiveCfg = Debug|x64
		{E693F50D-C406-44B6-95B4-A578A7E1E4AF}.Debug|x64.Build.0 = Debug|x64
		{E693F50D-C406-44B6-95B4-A578A7E1E4AF}.Debug|x86.ActiveCfg = Debug|Win32
		{E693F50D-C406-44B6-95B4-A578A7E1E4AF}.Debug|x86.Build.0 = Debug|Win32
		{E693F50D-C406-44B6-95B4-A578A7E1E4AF}.Release|x64.ActiveCfg = Release|x64
		{E693F50D-C406-44B6-95B4-A578A7E1E4AF}.Release|x64.Build.0 = Release|x64
		{E693F50D-C406-44B6-95B4-A578A7E1E4AF}.Release|x86.ActiveCfg = Release|Win32
		{E693F50D-C406-44B6-95B4-A578A7E1E4AF}.Release|x86.Build.0 = Release|Win32
		{C12FA0EB-4914-46D7-A052-5DE8F87DFD67}.Debug|x64.ActiveCfg = Debug|x64
		{C12FA0EB-4914-46D7-A052-5DE8F87DFD67}.Debug|x64.Build.0 = Debug|x64
		{C12FA0EB-4914-46D7-A052-5DE8F87DFD67}.Debug|x86.ActiveCfg = Debug|Win32
		{C12FA0EB-4914-46D7-A052-5DE8F87DFD67}.Debug|x86.Build.0 = Debug|Win32
		{C12FA0EB-4914-46D7-A052-5DE8F87DFD67}.Release|x64.ActiveCfg = Release|x64
		{C12FA0EB-4914-46D7-A052-5DE8F87DFD67}.Release|x64.Build.0 = Release|x64
		{C12FA0EB-4914-46D7-A052-5DE8F87DFD67}.Release|x86.ActiveCfg = Release|Win32
		{C12FA0EB-4914-46D7-A052-5DE8F87DFD67}.Release|x86.Build.0 = Release|Win32
		{3E84D363-A418-4B59-92D6-BB95A72DA0CF}.Debug|x64.ActiveCfg = Debug|x64
		{3E84D363-A418-4B59-92D6-BB95A72DA0CF}.Debug|x64.Build.0 = Debug|x64
		{3E84D363-A418-4B59-92D6-BB95A72DA0CF}.Debug|x86.ActiveCfg = Debug|Win32
		{3E84D363-A418-4B59-92D6-BB95A72DA0CF}.Debug|x86.Build.0 = Debug|Win32
		{3E84D363-A418-4B59-92D6-BB95A72DA0CF}.Release|x64.ActiveCfg = Release|x64
		{3E84D363-A418-4B59-92D6-BB95A72DA0CF}.Release|x64.Build.0 = Release|x64
		{3E84D363-A418-4B59-92D6-BB95A72DA0CF}.Release|x86.ActiveCfg = Release|Win32
		{3E84D363-A418-4B59-92D6-BB95A72DA0CF}.Release|x86.Build.0 = Release|Win32
	EndGlobalSection
	GlobalSection(SolutionProperties) = preSolution
		HideSolutionNode = FALSE
	EndGlobalSection
	GlobalSection(ExtensibilityGlobals) = postSolution
		SolutionGuid = {67A66EEF-0127-4142-9E33-53ECF47C1A93}
	EndGlobalSection
EndGlobal
